
Microsoft Visual Studio Solution File, Format Version 11.00
# Visual Studio 2010
Project("{FAE04EC0-301F-11D3-BF4B-00C04F79EFBC}") = "DMobile.Server.Utilities", "..\DMobile.Server.Utilities\DMobile.Server.Utilities.csproj", "{E91DEC4F-6A0C-4C45-B411-4D1CD3B32662}"
EndProject
Project("{FAE04EC0-301F-11D3-BF4B-00C04F79EFBC}") = "DMobile.Server.Socket", "..\DMobile.Server.Socket\DMobile.Server.Socket.csproj", "{4C37DAE1-7013-4B05-AA38-6B200952B483}"
EndProject
Project("{FAE04EC0-301F-11D3-BF4B-00C04F79EFBC}") = "DMobile.Server.Session", "..\DMobile.Server.Session\DMobile.Server.Session.csproj", "{C262EB3F-6CE0-4B67-8D0A-98C22111F6AA}"
EndProject
Project("{FAE04EC0-301F-11D3-BF4B-00C04F79EFBC}") = "DMobile.Server.Publish", "..\DMobile.Server.Publish\DMobile.Server.Publish.csproj", "{5494D25E-8A00-41A7-8D77-2510EAF34764}"
EndProject
Project("{FAE04EC0-301F-11D3-BF4B-00C04F79EFBC}") = "DMobile.Server.Main", "..\DMobile.Server.Main\DMobile.Server.Main.csproj", "{0430727D-A5C7-4FDF-9A4B-3F42B8C763FA}"
EndProject
Project("{FAE04EC0-301F-11D3-BF4B-00C04F79EFBC}") = "DMobile.Server.Login", "..\DMobile.Server.Login\DMobile.Server.Login.csproj", "{BCEFA64F-F302-4476-B3B0-5386CE7FAE1C}"
EndProject
Project("{FAE04EC0-301F-11D3-BF4B-00C04F79EFBC}") = "DMobile.Server.Language", "..\DMobile.Server.Language\DMobile.Server.Language.csproj", "{F9428190-4984-466D-BE31-67C95CF5EAC7}"
EndProject
Project("{FAE04EC0-301F-11D3-BF4B-00C04F79EFBC}") = "DMobile.Server.Initializer.Server", "..\DMobile.Server.Initializer.Server\DMobile.Server.Initializer.Server.csproj", "{0211D2DA-17EC-4534-9386-1AAA806D4779}"
EndProject
Project("{FAE04EC0-301F-11D3-BF4B-00C04F79EFBC}") = "DMobile.Server.Extension.Plugin.System", "..\DMobile.Server.Extension.Plugin.System\DMobile.Server.Extension.Plugin.System.csproj", "{DB700049-348A-4F7A-8A6B-BB6FD1353959}"
EndProject
Project("{FAE04EC0-301F-11D3-BF4B-00C04F79EFBC}") = "DMobile.Server.Extension.Plugin.Common", "..\DMobile.Server.Extension.Plugin.Common\DMobile.Server.Extension.Plugin.Common.csproj", "{02A53FDE-838C-4BD9-A36D-8C9C82229614}"
EndProject
Project("{FAE04EC0-301F-11D3-BF4B-00C04F79EFBC}") = "DMobile.Server.Configuration", "..\DMobile.Server.Configuration\DMobile.Server.Configuration.csproj", "{57A63270-E2F5-417D-A036-E52D150F8F1F}"
EndProject
Project("{FAE04EC0-301F-11D3-BF4B-00C04F79EFBC}") = "DMobile.Server.Common.Entity", "..\DMobile.Server.Common.Entity\DMobile.Server.Common.Entity.csproj", "{07F04A90-3E9F-44AC-9473-2C1AEC2FAD76}"
EndProject
Project("{FAE04EC0-301F-11D3-BF4B-00C04F79EFBC}") = "DMobile.Server.Common", "..\DMobile.Server.Common\DMobile.Server.Common.csproj", "{CBB28B00-8FB3-492A-AD12-010CBD9B4914}"
EndProject
Project("{FAE04EC0-301F-11D3-BF4B-00C04F79EFBC}") = "DMobile.Biz.Interface", "..\DMobile.Biz.Interface\DMobile.Biz.Interface.csproj", "{2A9A3AC8-18E9-4E7B-88C4-48316E97CDCF}"
EndProject
Project("{FAE04EC0-301F-11D3-BF4B-00C04F79EFBC}") = "CalculatorPlugin", "..\CalculatorPlugin\CalculatorPlugin.csproj", "{574EBAE9-FCC0-4020-A4F7-DBF6F9E82BC2}"
EndProject
Project("{2150E333-8FDC-42A3-9474-1A3956D46DE8}") = "PluginSample", "PluginSample", "{9FD8072E-75B4-4EC6-932C-7BA5C0518371}"
EndProject
Project("{2150E333-8FDC-42A3-9474-1A3956D46DE8}") = "ConfigurationSample", "ConfigurationSample", "{9526F3F7-2866-4109-9179-8981DCD57294}"
EndProject
Project("{FAE04EC0-301F-11D3-BF4B-00C04F79EFBC}") = "FrameworkTest", "FrameworkTest\FrameworkTest.csproj", "{E8AE770B-B491-4507-A857-D5A86F4E3892}"
EndProject
Global
	GlobalSection(SolutionConfigurationPlatforms) = preSolution
		Debug|Any CPU = Debug|Any CPU
		Debug|Mixed Platforms = Debug|Mixed Platforms
		Debug|x86 = Debug|x86
		Release|Any CPU = Release|Any CPU
		Release|Mixed Platforms = Release|Mixed Platforms
		Release|x86 = Release|x86
	EndGlobalSection
	GlobalSection(ProjectConfigurationPlatforms) = postSolution
		{E91DEC4F-6A0C-4C45-B411-4D1CD3B32662}.Debug|Any CPU.ActiveCfg = Debug|Any CPU
		{E91DEC4F-6A0C-4C45-B411-4D1CD3B32662}.Debug|Any CPU.Build.0 = Debug|Any CPU
		{E91DEC4F-6A0C-4C45-B411-4D1CD3B32662}.Debug|Mixed Platforms.ActiveCfg = Debug|Any CPU
		{E91DEC4F-6A0C-4C45-B411-4D1CD3B32662}.Debug|Mixed Platforms.Build.0 = Debug|Any CPU
		{E91DEC4F-6A0C-4C45-B411-4D1CD3B32662}.Debug|x86.ActiveCfg = Debug|Any CPU
		{E91DEC4F-6A0C-4C45-B411-4D1CD3B32662}.Release|Any CPU.ActiveCfg = Release|Any CPU
		{E91DEC4F-6A0C-4C45-B411-4D1CD3B32662}.Release|Any CPU.Build.0 = Release|Any CPU
		{E91DEC4F-6A0C-4C45-B411-4D1CD3B32662}.Release|Mixed Platforms.ActiveCfg = Release|Any CPU
		{E91DEC4F-6A0C-4C45-B411-4D1CD3B32662}.Release|Mixed Platforms.Build.0 = Release|Any CPU
		{E91DEC4F-6A0C-4C45-B411-4D1CD3B32662}.Release|x86.ActiveCfg = Release|Any CPU
		{4C37DAE1-7013-4B05-AA38-6B200952B483}.Debug|Any CPU.ActiveCfg = Debug|Any CPU
		{4C37DAE1-7013-4B05-AA38-6B200952B483}.Debug|Any CPU.Build.0 = Debug|Any CPU
		{4C37DAE1-7013-4B05-AA38-6B200952B483}.Debug|Mixed Platforms.ActiveCfg = Debug|Any CPU
		{4C37DAE1-7013-4B05-AA38-6B200952B483}.Debug|Mixed Platforms.Build.0 = Debug|Any CPU
		{4C37DAE1-7013-4B05-AA38-6B200952B483}.Debug|x86.ActiveCfg = Debug|Any CPU
		{4C37DAE1-7013-4B05-AA38-6B200952B483}.Release|Any CPU.ActiveCfg = Release|Any CPU
		{4C37DAE1-7013-4B05-AA38-6B200952B483}.Release|Any CPU.Build.0 = Release|Any CPU
		{4C37DAE1-7013-4B05-AA38-6B200952B483}.Release|Mixed Platforms.ActiveCfg = Release|Any CPU
		{4C37DAE1-7013-4B05-AA38-6B200952B483}.Release|Mixed Platforms.Build.0 = Release|Any CPU
		{4C37DAE1-7013-4B05-AA38-6B200952B483}.Release|x86.ActiveCfg = Release|Any CPU
		{C262EB3F-6CE0-4B67-8D0A-98C22111F6AA}.Debug|Any CPU.ActiveCfg = Debug|Any CPU
		{C262EB3F-6CE0-4B67-8D0A-98C22111F6AA}.Debug|Any CPU.Build.0 = Debug|Any CPU
		{C262EB3F-6CE0-4B67-8D0A-98C22111F6AA}.Debug|Mixed Platforms.ActiveCfg = Debug|Any CPU
		{C262EB3F-6CE0-4B67-8D0A-98C22111F6AA}.Debug|Mixed Platforms.Build.0 = Debug|Any CPU
		{C262EB3F-6CE0-4B67-8D0A-98C22111F6AA}.Debug|x86.ActiveCfg = Debug|Any CPU
		{C262EB3F-6CE0-4B67-8D0A-98C22111F6AA}.Release|Any CPU.ActiveCfg = Release|Any CPU
		{C262EB3F-6CE0-4B67-8D0A-98C22111F6AA}.Release|Any CPU.Build.0 = Release|Any CPU
		{C262EB3F-6CE0-4B67-8D0A-98C22111F6AA}.Release|Mixed Platforms.ActiveCfg = Release|Any CPU
		{C262EB3F-6CE0-4B67-8D0A-98C22111F6AA}.Release|Mixed Platforms.Build.0 = Release|Any CPU
		{C262EB3F-6CE0-4B67-8D0A-98C22111F6AA}.Release|x86.ActiveCfg = Release|Any CPU
		{5494D25E-8A00-41A7-8D77-2510EAF34764}.Debug|Any CPU.ActiveCfg = Debug|Any CPU
		{5494D25E-8A00-41A7-8D77-2510EAF34764}.Debug|Any CPU.Build.0 = Debug|Any CPU
		{5494D25E-8A00-41A7-8D77-2510EAF34764}.Debug|Mixed Platforms.ActiveCfg = Debug|Any CPU
		{5494D25E-8A00-41A7-8D77-2510EAF34764}.Debug|Mixed Platforms.Build.0 = Debug|Any CPU
		{5494D25E-8A00-41A7-8D77-2510EAF34764}.Debug|x86.ActiveCfg = Debug|Any CPU
		{5494D25E-8A00-41A7-8D77-2510EAF34764}.Release|Any CPU.ActiveCfg = Release|Any CPU
		{5494D25E-8A00-41A7-8D77-2510EAF34764}.Release|Any CPU.Build.0 = Release|Any CPU
		{5494D25E-8A00-41A7-8D77-2510EAF34764}.Release|Mixed Platforms.ActiveCfg = Release|Any CPU
		{5494D25E-8A00-41A7-8D77-2510EAF34764}.Release|Mixed Platforms.Build.0 = Release|Any CPU
		{5494D25E-8A00-41A7-8D77-2510EAF34764}.Release|x86.ActiveCfg = Release|Any CPU
		{0430727D-A5C7-4FDF-9A4B-3F42B8C763FA}.Debug|Any CPU.ActiveCfg = Debug|Any CPU
		{0430727D-A5C7-4FDF-9A4B-3F42B8C763FA}.Debug|Any CPU.Build.0 = Debug|Any CPU
		{0430727D-A5C7-4FDF-9A4B-3F42B8C763FA}.Debug|Mixed Platforms.ActiveCfg = Debug|Any CPU
		{0430727D-A5C7-4FDF-9A4B-3F42B8C763FA}.Debug|Mixed Platforms.Build.0 = Debug|Any CPU
		{0430727D-A5C7-4FDF-9A4B-3F42B8C763FA}.Debug|x86.ActiveCfg = Debug|Any CPU
		{0430727D-A5C7-4FDF-9A4B-3F42B8C763FA}.Release|Any CPU.ActiveCfg = Release|Any CPU
		{0430727D-A5C7-4FDF-9A4B-3F42B8C763FA}.Release|Any CPU.Build.0 = Release|Any CPU
		{0430727D-A5C7-4FDF-9A4B-3F42B8C763FA}.Release|Mixed Platforms.ActiveCfg = Release|Any CPU
		{0430727D-A5C7-4FDF-9A4B-3F42B8C763FA}.Release|Mixed Platforms.Build.0 = Release|Any CPU
		{0430727D-A5C7-4FDF-9A4B-3F42B8C763FA}.Release|x86.ActiveCfg = Release|Any CPU
		{BCEFA64F-F302-4476-B3B0-5386CE7FAE1C}.Debug|Any CPU.ActiveCfg = Debug|Any CPU
		{BCEFA64F-F302-4476-B3B0-5386CE7FAE1C}.Debug|Any CPU.Build.0 = Debug|Any CPU
		{BCEFA64F-F302-4476-B3B0-5386CE7FAE1C}.Debug|Mixed Platforms.ActiveCfg = Debug|Any CPU
		{BCEFA64F-F302-4476-B3B0-5386CE7FAE1C}.Debug|Mixed Platforms.Build.0 = Debug|Any CPU
		{BCEFA64F-F302-4476-B3B0-5386CE7FAE1C}.Debug|x86.ActiveCfg = Debug|Any CPU
		{BCEFA64F-F302-4476-B3B0-5386CE7FAE1C}.Release|Any CPU.ActiveCfg = Release|Any CPU
		{BCEFA64F-F302-4476-B3B0-5386CE7FAE1C}.Release|Any CPU.Build.0 = Release|Any CPU
		{BCEFA64F-F302-4476-B3B0-5386CE7FAE1C}.Release|Mixed Platforms.ActiveCfg = Release|Any CPU
		{BCEFA64F-F302-4476-B3B0-5386CE7FAE1C}.Release|Mixed Platforms.Build.0 = Release|Any CPU
		{BCEFA64F-F302-4476-B3B0-5386CE7FAE1C}.Release|x86.ActiveCfg = Release|Any CPU
		{F9428190-4984-466D-BE31-67C95CF5EAC7}.Debug|Any CPU.ActiveCfg = Debug|Any CPU
		{F9428190-4984-466D-BE31-67C95CF5EAC7}.Debug|Any CPU.Build.0 = Debug|Any CPU
		{F9428190-4984-466D-BE31-67C95CF5EAC7}.Debug|Mixed Platforms.ActiveCfg = Debug|Any CPU
		{F9428190-4984-466D-BE31-67C95CF5EAC7}.Debug|Mixed Platforms.Build.0 = Debug|Any CPU
		{F9428190-4984-466D-BE31-67C95CF5EAC7}.Debug|x86.ActiveCfg = Debug|Any CPU
		{F9428190-4984-466D-BE31-67C95CF5EAC7}.Release|Any CPU.ActiveCfg = Release|Any CPU
		{F9428190-4984-466D-BE31-67C95CF5EAC7}.Release|Any CPU.Build.0 = Release|Any CPU
		{F9428190-4984-466D-BE31-67C95CF5EAC7}.Release|Mixed Platforms.ActiveCfg = Release|Any CPU
		{F9428190-4984-466D-BE31-67C95CF5EAC7}.Release|Mixed Platforms.Build.0 = Release|Any CPU
		{F9428190-4984-466D-BE31-67C95CF5EAC7}.Release|x86.ActiveCfg = Release|Any CPU
		{0211D2DA-17EC-4534-9386-1AAA806D4779}.Debug|Any CPU.ActiveCfg = Debug|Any CPU
		{0211D2DA-17EC-4534-9386-1AAA806D4779}.Debug|Any CPU.Build.0 = Debug|Any CPU
		{0211D2DA-17EC-4534-9386-1AAA806D4779}.Debug|Mixed Platforms.ActiveCfg = Debug|Any CPU
		{0211D2DA-17EC-4534-9386-1AAA806D4779}.Debug|Mixed Platforms.Build.0 = Debug|Any CPU
		{0211D2DA-17EC-4534-9386-1AAA806D4779}.Debug|x86.ActiveCfg = Debug|Any CPU
		{0211D2DA-17EC-4534-9386-1AAA806D4779}.Release|Any CPU.ActiveCfg = Release|Any CPU
		{0211D2DA-17EC-4534-9386-1AAA806D4779}.Release|Any CPU.Build.0 = Release|Any CPU
		{0211D2DA-17EC-4534-9386-1AAA806D4779}.Release|Mixed Platforms.ActiveCfg = Release|Any CPU
		{0211D2DA-17EC-4534-9386-1AAA806D4779}.Release|Mixed Platforms.Build.0 = Release|Any CPU
		{0211D2DA-17EC-4534-9386-1AAA806D4779}.Release|x86.ActiveCfg = Release|Any CPU
		{DB700049-348A-4F7A-8A6B-BB6FD1353959}.Debug|Any CPU.ActiveCfg = Debug|Any CPU
		{DB700049-348A-4F7A-8A6B-BB6FD1353959}.Debug|Any CPU.Build.0 = Debug|Any CPU
		{DB700049-348A-4F7A-8A6B-BB6FD1353959}.Debug|Mixed Platforms.ActiveCfg = Debug|Any CPU
		{DB700049-348A-4F7A-8A6B-BB6FD1353959}.Debug|Mixed Platforms.Build.0 = Debug|Any CPU
		{DB700049-348A-4F7A-8A6B-BB6FD1353959}.Debug|x86.ActiveCfg = Debug|Any CPU
		{DB700049-348A-4F7A-8A6B-BB6FD1353959}.Release|Any CPU.ActiveCfg = Release|Any CPU
		{DB700049-348A-4F7A-8A6B-BB6FD1353959}.Release|Any CPU.Build.0 = Release|Any CPU
		{DB700049-348A-4F7A-8A6B-BB6FD1353959}.Release|Mixed Platforms.ActiveCfg = Release|Any CPU
		{DB700049-348A-4F7A-8A6B-BB6FD1353959}.Release|Mixed Platforms.Build.0 = Release|Any CPU
		{DB700049-348A-4F7A-8A6B-BB6FD1353959}.Release|x86.ActiveCfg = Release|Any CPU
		{02A53FDE-838C-4BD9-A36D-8C9C82229614}.Debug|Any CPU.ActiveCfg = Debug|Any CPU
		{02A53FDE-838C-4BD9-A36D-8C9C82229614}.Debug|Any CPU.Build.0 = Debug|Any CPU
		{02A53FDE-838C-4BD9-A36D-8C9C82229614}.Debug|Mixed Platforms.ActiveCfg = Debug|Any CPU
		{02A53FDE-838C-4BD9-A36D-8C9C82229614}.Debug|Mixed Platforms.Build.0 = Debug|Any CPU
		{02A53FDE-838C-4BD9-A36D-8C9C82229614}.Debug|x86.ActiveCfg = Debug|Any CPU
		{02A53FDE-838C-4BD9-A36D-8C9C82229614}.Release|Any CPU.ActiveCfg = Release|Any CPU
		{02A53FDE-838C-4BD9-A36D-8C9C82229614}.Release|Any CPU.Build.0 = Release|Any CPU
		{02A53FDE-838C-4BD9-A36D-8C9C82229614}.Release|Mixed Platforms.ActiveCfg = Release|Any CPU
		{02A53FDE-838C-4BD9-A36D-8C9C82229614}.Release|Mixed Platforms.Build.0 = Release|Any CPU
		{02A53FDE-838C-4BD9-A36D-8C9C82229614}.Release|x86.ActiveCfg = Release|Any CPU
		{57A63270-E2F5-417D-A036-E52D150F8F1F}.Debug|Any CPU.ActiveCfg = Debug|Any CPU
		{57A63270-E2F5-417D-A036-E52D150F8F1F}.Debug|Any CPU.Build.0 = Debug|Any CPU
		{57A63270-E2F5-417D-A036-E52D150F8F1F}.Debug|Mixed Platforms.ActiveCfg = Debug|Any CPU
		{57A63270-E2F5-417D-A036-E52D150F8F1F}.Debug|Mixed Platforms.Build.0 = Debug|Any CPU
		{57A63270-E2F5-417D-A036-E52D150F8F1F}.Debug|x86.ActiveCfg = Debug|Any CPU
		{57A63270-E2F5-417D-A036-E52D150F8F1F}.Release|Any CPU.ActiveCfg = Release|Any CPU
		{57A63270-E2F5-417D-A036-E52D150F8F1F}.Release|Any CPU.Build.0 = Release|Any CPU
		{57A63270-E2F5-417D-A036-E52D150F8F1F}.Release|Mixed Platforms.ActiveCfg = Release|Any CPU
		{57A63270-E2F5-417D-A036-E52D150F8F1F}.Release|Mixed Platforms.Build.0 = Release|Any CPU
		{57A63270-E2F5-417D-A036-E52D150F8F1F}.Release|x86.ActiveCfg = Release|Any CPU
		{07F04A90-3E9F-44AC-9473-2C1AEC2FAD76}.Debug|Any CPU.ActiveCfg = Debug|Any CPU
		{07F04A90-3E9F-44AC-9473-2C1AEC2FAD76}.Debug|Any CPU.Build.0 = Debug|Any CPU
		{07F04A90-3E9F-44AC-9473-2C1AEC2FAD76}.Debug|Mixed Platforms.ActiveCfg = Debug|Any CPU
		{07F04A90-3E9F-44AC-9473-2C1AEC2FAD76}.Debug|Mixed Platforms.Build.0 = Debug|Any CPU
		{07F04A90-3E9F-44AC-9473-2C1AEC2FAD76}.Debug|x86.ActiveCfg = Debug|Any CPU
		{07F04A90-3E9F-44AC-9473-2C1AEC2FAD76}.Release|Any CPU.ActiveCfg = Release|Any CPU
		{07F04A90-3E9F-44AC-9473-2C1AEC2FAD76}.Release|Any CPU.Build.0 = Release|Any CPU
		{07F04A90-3E9F-44AC-9473-2C1AEC2FAD76}.Release|Mixed Platforms.ActiveCfg = Release|Any CPU
		{07F04A90-3E9F-44AC-9473-2C1AEC2FAD76}.Release|Mixed Platforms.Build.0 = Release|Any CPU
		{07F04A90-3E9F-44AC-9473-2C1AEC2FAD76}.Release|x86.ActiveCfg = Release|Any CPU
		{CBB28B00-8FB3-492A-AD12-010CBD9B4914}.Debug|Any CPU.ActiveCfg = Debug|Any CPU
		{CBB28B00-8FB3-492A-AD12-010CBD9B4914}.Debug|Any CPU.Build.0 = Debug|Any CPU
		{CBB28B00-8FB3-492A-AD12-010CBD9B4914}.Debug|Mixed Platforms.ActiveCfg = Debug|Any CPU
		{CBB28B00-8FB3-492A-AD12-010CBD9B4914}.Debug|Mixed Platforms.Build.0 = Debug|Any CPU
		{CBB28B00-8FB3-492A-AD12-010CBD9B4914}.Debug|x86.ActiveCfg = Debug|Any CPU
		{CBB28B00-8FB3-492A-AD12-010CBD9B4914}.Release|Any CPU.ActiveCfg = Release|Any CPU
		{CBB28B00-8FB3-492A-AD12-010CBD9B4914}.Release|Any CPU.Build.0 = Release|Any CPU
		{CBB28B00-8FB3-492A-AD12-010CBD9B4914}.Release|Mixed Platforms.ActiveCfg = Release|Any CPU
		{CBB28B00-8FB3-492A-AD12-010CBD9B4914}.Release|Mixed Platforms.Build.0 = Release|Any CPU
		{CBB28B00-8FB3-492A-AD12-010CBD9B4914}.Release|x86.ActiveCfg = Release|Any CPU
		{2A9A3AC8-18E9-4E7B-88C4-48316E97CDCF}.Debug|Any CPU.ActiveCfg = Debug|Any CPU
		{2A9A3AC8-18E9-4E7B-88C4-48316E97CDCF}.Debug|Any CPU.Build.0 = Debug|Any CPU
		{2A9A3AC8-18E9-4E7B-88C4-48316E97CDCF}.Debug|Mixed Platforms.ActiveCfg = Debug|Any CPU
		{2A9A3AC8-18E9-4E7B-88C4-48316E97CDCF}.Debug|Mixed Platforms.Build.0 = Debug|Any CPU
		{2A9A3AC8-18E9-4E7B-88C4-48316E97CDCF}.Debug|x86.ActiveCfg = Debug|Any CPU
		{2A9A3AC8-18E9-4E7B-88C4-48316E97CDCF}.Release|Any CPU.ActiveCfg = Release|Any CPU
		{2A9A3AC8-18E9-4E7B-88C4-48316E97CDCF}.Release|Any CPU.Build.0 = Release|Any CPU
		{2A9A3AC8-18E9-4E7B-88C4-48316E97CDCF}.Release|Mixed Platforms.ActiveCfg = Release|Any CPU
		{2A9A3AC8-18E9-4E7B-88C4-48316E97CDCF}.Release|Mixed Platforms.Build.0 = Release|Any CPU
		{2A9A3AC8-18E9-4E7B-88C4-48316E97CDCF}.Release|x86.ActiveCfg = Release|Any CPU
		{574EBAE9-FCC0-4020-A4F7-DBF6F9E82BC2}.Debug|Any CPU.ActiveCfg = Debug|Any CPU
		{574EBAE9-FCC0-4020-A4F7-DBF6F9E82BC2}.Debug|Any CPU.Build.0 = Debug|Any CPU
		{574EBAE9-FCC0-4020-A4F7-DBF6F9E82BC2}.Debug|Mixed Platforms.ActiveCfg = Debug|Any CPU
		{574EBAE9-FCC0-4020-A4F7-DBF6F9E82BC2}.Debug|Mixed Platforms.Build.0 = Debug|Any CPU
		{574EBAE9-FCC0-4020-A4F7-DBF6F9E82BC2}.Debug|x86.ActiveCfg = Debug|Any CPU
		{574EBAE9-FCC0-4020-A4F7-DBF6F9E82BC2}.Release|Any CPU.ActiveCfg = Release|Any CPU
		{574EBAE9-FCC0-4020-A4F7-DBF6F9E82BC2}.Release|Any CPU.Build.0 = Release|Any CPU
		{574EBAE9-FCC0-4020-A4F7-DBF6F9E82BC2}.Release|Mixed Platforms.ActiveCfg = Release|Any CPU
		{574EBAE9-FCC0-4020-A4F7-DBF6F9E82BC2}.Release|Mixed Platforms.Build.0 = Release|Any CPU
		{574EBAE9-FCC0-4020-A4F7-DBF6F9E82BC2}.Release|x86.ActiveCfg = Release|Any CPU
		{E8AE770B-B491-4507-A857-D5A86F4E3892}.Debug|Any CPU.ActiveCfg = Debug|x86
		{E8AE770B-B491-4507-A857-D5A86F4E3892}.Debug|Mixed Platforms.ActiveCfg = Debug|x86
		{E8AE770B-B491-4507-A857-D5A86F4E3892}.Debug|Mixed Platforms.Build.0 = Debug|x86
		{E8AE770B-B491-4507-A857-D5A86F4E3892}.Debug|x86.ActiveCfg = Debug|x86
		{E8AE770B-B491-4507-A857-D5A86F4E3892}.Debug|x86.Build.0 = Debug|x86
		{E8AE770B-B491-4507-A857-D5A86F4E3892}.Release|Any CPU.ActiveCfg = Release|x86
		{E8AE770B-B491-4507-A857-D5A86F4E3892}.Release|Mixed Platforms.ActiveCfg = Release|x86
		{E8AE770B-B491-4507-A857-D5A86F4E3892}.Release|Mixed Platforms.Build.0 = Release|x86
		{E8AE770B-B491-4507-A857-D5A86F4E3892}.Release|x86.ActiveCfg = Release|x86
		{E8AE770B-B491-4507-A857-D5A86F4E3892}.Release|x86.Build.0 = Release|x86
	EndGlobalSection
	GlobalSection(SolutionProperties) = preSolution
		HideSolutionNode = FALSE
	EndGlobalSection
	GlobalSection(NestedProjects) = preSolution
		{57A63270-E2F5-417D-A036-E52D150F8F1F} = {9526F3F7-2866-4109-9179-8981DCD57294}
		{574EBAE9-FCC0-4020-A4F7-DBF6F9E82BC2} = {9FD8072E-75B4-4EC6-932C-7BA5C0518371}
	EndGlobalSection
EndGlobal
